{
  "name": "shootgame",
  "lockfileVersion": 3,
  "requires": true,
  "packages": {
    "": {
      "dependencies": {
        "beat-beat-js": "^0.0.0",
        "music-tempo": "^1.0.3"
      }
    },
    "node_modules/beat-beat-js": {
      "version": "0.0.0",
      "resolved": "https://registry.npmjs.org/beat-beat-js/-/beat-beat-js-0.0.0.tgz",
      "integrity": "sha512-v6vqn3rLj5ArKrDWRqLkMdouvAESmnucqRqA96rnExnI26HJdcVFYwmtUvadOYcSRghNHYxDyYfTMVK3lhJT7w=="
    },
    "node_modules/music-tempo": {
      "version": "1.0.3",
      "resolved": "https://registry.npmjs.org/music-tempo/-/music-tempo-1.0.3.tgz",
      "integrity": "sha512-qAocTKLp3jaSeJLeGs98mkkpLYDFM1VCevA1OPFJvLPkHlzwTLUxChXMgnxZRHKSJQ13DuaT+Fr51BEUb2D4pQ=="
    }
  }
}
